
Microsoft Visual Studio Solution File, Format Version 12.00
# Visual Studio Version 16
VisualStudioVersion = 16.0.30611.23
MinimumVisualStudioVersion = 10.0.40219.1
Project("{9A19103F-16F7-4668-BE54-9A1E7A4F7556}") = "WTProject", "WTProject\WTProject.csproj", "{92F685B0-D55F-4969-A168-FE2DD6756F00}"
EndProject
Global
	GlobalSection(SolutionConfigurationPlatforms) = preSolution
		Debug|Any CPU = Debug|Any CPU
		Release|Any CPU = Release|Any CPU
	EndGlobalSection
	GlobalSection(ProjectConfigurationPlatforms) = postSolution
		{92F685B0-D55F-4969-A168-FE2DD6756F00}.Debug|Any CPU.ActiveCfg = Debug|Any CPU
		{92F685B0-D55F-4969-A168-FE2DD6756F00}.Debug|Any CPU.Build.0 = Debug|Any CPU
		{92F685B0-D55F-4969-A168-FE2DD6756F00}.Release|Any CPU.ActiveCfg = Release|Any CPU
		{92F685B0-D55F-4969-A168-FE2DD6756F00}.Release|Any CPU.Build.0 = Release|Any CPU
	EndGlobalSection
	GlobalSection(SolutionProperties) = preSolution
		HideSolutionNode = FALSE
	EndGlobalSection
	GlobalSection(ExtensibilityGlobals) = postSolution
		SolutionGuid = {0FABF67C-63AC-441A-AA2A-809402C09FC0}
	EndGlobalSection
EndGlobal
